schema: '2.0'
stages:
  data_ingestion:
    cmd: python src/data/data_ingestion.py
    deps:
    - path: src/data/data_ingestion.py
      hash: md5
      md5: e23f87e7ae0762c78f09dbb3f2c6c025
      size: 4332
    params:
      params.yaml:
        data_ingestion.test_size: 0.22
    outs:
    - path: data/raw
      hash: md5
      md5: 4dfc4db1068e06422c36c73a8a7b3afa.dir
      size: 6919701
      nfiles: 2
  data_preprocessing:
    cmd: python src/data/data_preprocessing.py
    deps:
    - path: data/raw/test.csv
      hash: md5
      md5: b2d8fb2b91f27439c0348064a0993b53
      size: 1462886
    - path: data/raw/train.csv
      hash: md5
      md5: 33c1d994c59a85a9a5ad1b856ffe32bb
      size: 5456815
    - path: src/data/data_preprocessing.py
      hash: md5
      md5: c83b7e3ece7f693acc1f3124be54555b
      size: 3857
    outs:
    - path: data/interim
      hash: md5
      md5: 548c96aed9831989a447f34b439763ef.dir
      size: 5134850
      nfiles: 2
  model_building:
    cmd: python src/model/model_building.py
    deps:
    - path: data/interim/train_processed.csv
      hash: md5
      md5: 40bef6365343580cdd546b3ea116a3dd
      size: 4049342
    - path: src/model/model_building.py
      hash: md5
      md5: 3df6d1ac6c6e22ff9f19df8dbe39bc65
      size: 5662
    params:
      params.yaml:
        model_building.learning_rate: 0.09
        model_building.max_depth: 20
        model_building.max_features: 10000
        model_building.n_estimators: 366
        model_building.ngram_range:
        - 1
        - 3
    outs:
    - path: lgbm_model.pkl
      hash: md5
      md5: 471ce17c5dad3ddf3fa3b3ba826eca8a
      size: 4113646
    - path: tfidf_vectorizer.pkl
      hash: md5
      md5: ae1f02c16c2eff68ac0722a2750871bf
      size: 384130
  model_evaluation:
    cmd: python src/model/model_evaluation.py
    deps:
    - path: data/interim/test_processed.csv
      hash: md5
      md5: a33acc8361c5c534ccf402d8b2ed91fa
      size: 1085508
    - path: data/interim/train_processed.csv
      hash: md5
      md5: 40bef6365343580cdd546b3ea116a3dd
      size: 4049342
    - path: lgbm_model.pkl
      hash: md5
      md5: 471ce17c5dad3ddf3fa3b3ba826eca8a
      size: 4113646
    - path: src/model/model_evaluation.py
      hash: md5
      md5: c055e7367986b0b181a4ed914e7715d7
      size: 7323
    - path: tfidf_vectorizer.pkl
      hash: md5
      md5: ae1f02c16c2eff68ac0722a2750871bf
      size: 384130
    outs:
    - path: experiment_info.json
      hash: md5
      md5: 65ad5259ff8e67790711173a2775cf0f
      size: 87
  model_registration:
    cmd: python src/model/register_model.py
    deps:
    - path: experiment_info.json
      hash: md5
      md5: 65ad5259ff8e67790711173a2775cf0f
      size: 87
    - path: src/model/register_model.py
      hash: md5
      md5: eb5601b4165cb0c530244ddb5c3d09c9
      size: 2478
